
Microsoft Visual Studio Solution File, Format Version 12.00
# Visual Studio 14
VisualStudioVersion = 14.0.23107.0
MinimumVisualStudioVersion = 10.0.40219.1
Project("{FAE04EC0-301F-11D3-BF4B-00C04F79EFBC}") = "Garlic_Client", "Garlic_Client\Garlic_Client.csproj", "{B013A6E3-131F-4E16-8038-0BD63CB5DD11}"
EndProject
Global
	GlobalSection(SolutionConfigurationPlatforms) = preSolution
		Debug|Any CPU = Debug|Any CPU
		Release|Any CPU = Release|Any CPU
	EndGlobalSection
	GlobalSection(ProjectConfigurationPlatforms) = postSolution
		{B013A6E3-131F-4E16-8038-0BD63CB5DD11}.Debug|Any CPU.ActiveCfg = Debug|Any CPU
		{B013A6E3-131F-4E16-8038-0BD63CB5DD11}.Debug|Any CPU.Build.0 = Debug|Any CPU
		{B013A6E3-131F-4E16-8038-0BD63CB5DD11}.Release|Any CPU.ActiveCfg = Release|Any CPU
		{B013A6E3-131F-4E16-8038-0BD63CB5DD11}.Release|Any CPU.Build.0 = Release|Any CPU
	EndGlobalSection
	GlobalSection(SolutionProperties) = preSolution
		HideSolutionNode = FALSE
	EndGlobalSection
EndGlobal
